// !$*UTF8*$!
{
	archiveVersion = 1;
	classes = {
	};
	objectVersion = 50;
	objects = {

/* Begin PBXBuildFile section */
		315735DA213D875C00E8CDB3 /* AppDelegate.swift in Sources */ = {isa = PBXBuildFile; fileRef = 315735D9213D875C00E8CDB3 /* AppDelegate.swift */; };
		315735DC213D875C00E8CDB3 /* ViewController.swift in Sources */ = {isa = PBXBuildFile; fileRef = 315735DB213D875C00E8CDB3 /* ViewController.swift */; };
		315735DF213D875C00E8CDB3 /* Main.storyboard in Resources */ = {isa = PBXBuildFile; fileRef = 315735DD213D875C00E8CDB3 /* Main.storyboard */; };
		315735E1213D875D00E8CDB3 /* Assets.xcassets in Resources */ = {isa = PBXBuildFile; fileRef = 315735E0213D875D00E8CDB3 /* Assets.xcassets */; };
		315735E4213D875D00E8CDB3 /* LaunchScreen.storyboard in Resources */ = {isa = PBXBuildFile; fileRef = 315735E2213D875D00E8CDB3 /* LaunchScreen.storyboard */; };
		315735EC213D89B600E8CDB3 /* GoogLeNetPlaces.mlmodel in Sources */ = {isa = PBXBuildFile; fileRef = 315735EB213D89B600E8CDB3 /* GoogLeNetPlaces.mlmodel */; };
/* End PBXBuildFile section */

/* Begin PBXFileReference section */
		315735D6213D875C00E8CDB3 /* Vision-CoreML.app */ = {isa = PBXFileReference; explicitFileType = wrapper.application; includeInIndex = 0; path = "Vision-CoreML.app"; sourceTree = BUILT_PRODUCTS_DIR; };
		315735D9213D875C00E8CDB3 /* AppDelegate.swift */ = {isa = PBXFileReference; lastKnownFileType = sourcecode.swift; path = AppDelegate.swift; sourceTree = "<group>"; };
		315735DB213D875C00E8CDB3 /* ViewController.swift */ = {isa = PBXFileReference; lastKnownFileType = sourcecode.swift; path = ViewController.swift; sourceTree = "<group>"; };
		315735DE213D875C00E8CDB3 /* Base */ = {isa = PBXFileReference; lastKnownFileType = file.storyboard; name = Base; path = Base.lproj/Main.storyboard; sourceTree = "<group>"; };
		315735E0213D875D00E8CDB3 /* Assets.xcassets */ = {isa = PBXFileReference; lastKnownFileType = folder.assetcatalog; path = Assets.xcassets; sourceTree = "<group>"; };
		315735E3213D875D00E8CDB3 /* Base */ = {isa = PBXFileReference; lastKnownFileType = file.storyboard; name = Base; path = Base.lproj/LaunchScreen.storyboard; sourceTree = "<group>"; };
		315735E5213D875D00E8CDB3 /* Info.plist */ = {isa = PBXFileReference; lastKnownFileType = text.plist.xml; path = Info.plist; sourceTree = "<group>"; };
		315735EB213D89B600E8CDB3 /* GoogLeNetPlaces.mlmodel */ = {isa = PBXFileReference; lastKnownFileType = file.mlmodel; path = GoogLeNetPlaces.mlmodel; sourceTree = "<group>"; };
/* End PBXFileReference section */

/* Begin PBXFrameworksBuildPhase section */
		315735D3213D875C00E8CDB3 /* Frameworks */ = {
			isa = PBXFrameworksBuildPhase;
			buildActionMask = 2147483647;
			files = (
			);
			runOnlyForDeploymentPostprocessing = 0;
		};
/* End PBXFrameworksBuildPhase section */

/* Begin PBXGroup section */
		315735CD213D875C00E8CDB3 = {
			isa = PBXGroup;
			children = (
				315735D8213D875C00E8CDB3 /* Vision-CoreML */,
				315735D7213D875C00E8CDB3 /* Products */,
			);
			sourceTree = "<group>";
		};
		315735D7213D875C00E8CDB3 /* Products */ = {
			isa = PBXGroup;
			children = (
				315735D6213D875C00E8CDB3 /* Vision-CoreML.app */,
			);
			name = Products;
			sourceTree = "<group>";
		};
		315735D8213D875C00E8CDB3 /* Vision-CoreML */ = {
			isa = PBXGroup;
			children = (
				315735EB213D89B600E8CDB3 /* GoogLeNetPlaces.mlmodel */,
				315735D9213D875C00E8CDB3 /* AppDelegate.swift */,
				315735DB213D875C00E8CDB3 /* ViewController.swift */,
				315735DD213D875C00E8CDB3 /* Main.storyboard */,
				315735E0213D875D00E8CDB3 /* Assets.xcassets */,
				315735E2213D875D00E8CDB3 /* LaunchScreen.storyboard */,
				315735E5213D875D00E8CDB3 /* Info.plist */,
			);
			path = "Vision-CoreML";
			sourceTree = "<group>";
		};
/* End PBXGroup section */

/* Begin PBXNativeTarget section */
		315735D5213D875C00E8CDB3 /* Vision-CoreML */ = {
			isa = PBXNativeTarget;
			buildConfigurationList = 315735E8213D875D00E8CDB3 /* Build configuration list for PBXNativeTarget "Vision-CoreML" */;
			buildPhases = (
				315735D2213D875C00E8CDB3 /* Sources */,
				315735D3213D875C00E8CDB3 /* Frameworks */,
				315735D4213D875C00E8CDB3 /* Resources */,
			);
			buildRules = (
			);
			dependencies = (
			);
			name = "Vision-CoreML";
			productName = "Vision-CoreML";
			productReference = 315735D6213D875C00E8CDB3 /* Vision-CoreML.app */;
			productType = "com.apple.product-type.application";
		};
/* End PBXNativeTarget section */

/* Begin PBXProject section */
		315735CE213D875C00E8CDB3 /* Project object */ = {
			isa = PBXProject;
			attributes = {
				LastSwiftUpdateCheck = 0940;
				LastUpgradeCheck = 0940;
				ORGANIZATIONNAME = "Anuj Dutt";
				TargetAttributes = {
					315735D5213D875C00E8CDB3 = {
						CreatedOnToolsVersion = 9.4.1;
					};
				};
			};
			buildConfigurationList = 315735D1213D875C00E8CDB3 /* Build configuration list for PBXProject "Vision-CoreML" */;
			compatibilityVersion = "Xcode 9.3";
			developmentRegion = en;
			hasScannedForEncodings = 0;
			knownRegions = (
				en,
				Base,
			);
			mainGroup = 315735CD213D875C00E8CDB3;
			productRefGroup = 315735D7213D875C00E8CDB3 /* Products */;
			projectDirPath = "";
			projectRoot = "";
			targets = (
				315735D5213D875C00E8CDB3 /* Vision-CoreML */,
			);
		};
/* End PBXProject section */

/* Begin PBXResourcesBuildPhase section */
		315735D4213D875C00E8CDB3 /* Resources */ = {
			isa = PBXResourcesBuildPhase;
			buildActionMask = 2147483647;
			files = (
				315735E4213D875D00E8CDB3 /* LaunchScreen.storyboard in Resources */,
				315735E1213D875D00E8CDB3 /* Assets.xcassets in Resources */,
				315735DF213D875C00E8CDB3 /* Main.storyboard in Resources */,
			);
			runOnlyForDeploymentPostprocessing = 0;
		};
/* End PBXResourcesBuildPhase section */

/* Begin PBXSourcesBuildPhase section */
		315735D2213D875C00E8CDB3 /* Sources */ = {
			isa = PBXSourcesBuildPhase;
			buildActionMask = 2147483647;
			files = (
				315735DC213D875C00E8CDB3 /* ViewController.swift in Sources */,
				315735DA213D875C00E8CDB3 /* AppDelegate.swift in Sources */,
				315735EC213D89B600E8CDB3 /* GoogLeNetPlaces.mlmodel in Sources */,
			);
			runOnlyForDeploymentPostprocessing = 0;
		};
/* End PBXSourcesBuildPhase section */

/* Begin PBXVariantGroup section */
		315735DD213D875C00E8CDB3 /* Main.storyboard */ = {
			isa = PBXVariantGroup;
			children = (
				315735DE213D875C00E8CDB3 /* Base */,
			);
			name = Main.storyboard;
			sourceTree = "<group>";
		};
		315735E2213D875D00E8CDB3 /* LaunchScreen.storyboard */ = {
			isa = PBXVariantGroup;
			children = (
				315735E3213D875D00E8CDB3 /* Base */,
			);
			name = LaunchScreen.storyboard;
			sourceTree = "<group>";
		};
/* End PBXVariantGroup section */

/* Begin XCBuildConfiguration section */
		315735E6213D875D00E8CDB3 /* Debug */ = {
			isa = XCBuildConfiguration;
			buildSettings = {
				ALWAYS_SEARCH_USER_PATHS = NO;
				CLANG_ANALYZER_NONNULL = YES;
				CLANG_ANALYZER_NUMBER_OBJECT_CONVERSION = YES_AGGRESSIVE;
				CLANG_CXX_LANGUAGE_STANDARD = "gnu++14";
				CLANG_CXX_LIBRARY = "libc++";
				CLANG_ENABLE_MODULES = YES;
				CLANG_ENABLE_OBJC_ARC = YES;
				CLANG_ENABLE_OBJC_WEAK = YES;
				CLANG_WARN_BLOCK_CAPTURE_AUTORELEASING = YES;
				CLANG_WARN_BOOL_CONVERSION = YES;
				CLANG_WARN_COMMA = YES;
				CLANG_WARN_CONSTANT_CONVERSION = YES;
				CLANG_WARN_DEPRECATED_OBJC_IMPLEMENTATIONS = YES;
				CLANG_WARN_DIRECT_OBJC_ISA_USAGE = YES_ERROR;
				CLANG_WARN_DOCUMENTATION_COMMENTS = YES;
				CLANG_WARN_EMPTY_BODY = YES;
				CLANG_WARN_ENUM_CONVERSION = YES;
				CLANG_WARN_INFINITE_RECURSION = YES;
				CLANG_WARN_INT_CONVERSION = YES;
				CLANG_WARN_NON_LITERAL_NULL_CONVERSION = YES;
				CLANG_WARN_OBJC_IMPLICIT_RETAIN_SELF = YES;
				CLANG_WARN_OBJC_LITERAL_CONVERSION = YES;
				CLANG_WARN_OBJC_ROOT_CLASS = YES_ERROR;
				CLANG_WARN_RANGE_LOOP_ANALYSIS = YES;
				CLANG_WARN_STRICT_PROTOTYPES = YES;
				CLANG_WARN_SUSPICIOUS_MOVE = YES;
				CLANG_WARN_UNGUARDED_AVAILABILITY = YES_AGGRESSIVE;
				CLANG_WARN_UNREACHABLE_CODE = YES;
				CLANG_WARN__DUPLICATE_METHOD_MATCH = YES;
				CODE_SIGN_IDENTITY = "iPhone Developer";
				COPY_PHASE_STRIP = NO;
				DEBUG_INFORMATION_FORMAT = dwarf;
				ENABLE_STRICT_OBJC_MSGSEND = YES;
				ENABLE_TESTABILITY = YES;
				GCC_C_LANGUAGE_STANDARD = gnu11;
				GCC_DYNAMIC_NO_PIC = NO;
				GCC_NO_COMMON_BLOCKS = YES;
				GCC_OPTIMIZATION_LEVEL = 0;
				GCC_PREPROCESSOR_DEFINITIONS = (
					"DEBUG=1",
					"$(inherited)",
				);
				GCC_WARN_64_TO_32_BIT_CONVERSION = YES;
				GCC_WARN_ABOUT_RETURN_TYPE = YES_ERROR;
				GCC_WARN_UNDECLARED_SELECTOR = YES;
				GCC_WARN_UNINITIALIZED_AUTOS = YES_AGGRESSIVE;
				GCC_WARN_UNUSED_FUNCTION = YES;
				GCC_WARN_UNUSED_VARIABLE = YES;
				IPHONEOS_DEPLOYMENT_TARGET = 11.4;
				MTL_ENABLE_DEBUG_INFO = YES;
				ONLY_ACTIVE_ARCH = YES;
				SDKROOT = iphoneos;
				SWIFT_ACTIVE_COMPILATION_CONDITIONS = DEBUG;
				SWIFT_OPTIMIZATION_LEVEL = "-Onone";
			};
			name = Debug;
		};
		315735E7213D875D00E8CDB3 /* Release */ = {
			isa = XCBuildConfiguration;
			buildSettings = {
				ALWAYS_SEARCH_USER_PATHS = NO;
				CLANG_ANALYZER_NONNULL = YES;
				CLANG_ANALYZER_NUMBER_OBJECT_CONVERSION = YES_AGGRESSIVE;
				CLANG_CXX_LANGUAGE_STANDARD = "gnu++14";
				CLANG_CXX_LIBRARY = "libc++";
				CLANG_ENABLE_MODULES = YES;
				CLANG_ENABLE_OBJC_ARC = YES;
				CLANG_ENABLE_OBJC_WEAK = YES;
				CLANG_WARN_BLOCK_CAPTURE_AUTORELEASING = YES;
				CLANG_WARN_BOOL_CONVERSION = YES;
				CLANG_WARN_COMMA = YES;
				CLANG_WARN_CONSTANT_CONVERSION = YES;
				CLANG_WARN_DEPRECATED_OBJC_IMPLEMENTATIONS = YES;
				CLANG_WARN_DIRECT_OBJC_ISA_USAGE = YES_ERROR;
				CLANG_WARN_DOCUMENTATION_COMMENTS = YES;
				CLANG_WARN_EMPTY_BODY = YES;
				CLANG_WARN_ENUM_CONVERSION = YES;
				CLANG_WARN_INFINITE_RECURSION = YES;
				CLANG_WARN_INT_CONVERSION = YES;
				CLANG_WARN_NON_LITERAL_NULL_CONVERSION = YES;
				CLANG_WARN_OBJC_IMPLICIT_RETAIN_SELF = YES;
				CLANG_WARN_OBJC_LITERAL_CONVERSION = YES;
				CLANG_WARN_OBJC_ROOT_CLASS = YES_ERROR;
				CLANG_WARN_RANGE_LOOP_ANALYSIS = YES;
				CLANG_WARN_STRICT_PROTOTYPES = YES;
				CLANG_WARN_SUSPICIOUS_MOVE = YES;
				CLANG_WARN_UNGUARDED_AVAILABILITY = YES_AGGRESSIVE;
				CLANG_WARN_UNREACHABLE_CODE = YES;
				CLANG_WARN__DUPLICATE_METHOD_MATCH = YES;
				CODE_SIGN_IDENTITY = "iPhone Developer";
				COPY_PHASE_STRIP = NO;
				DEBUG_INFORMATION_FORMAT = "dwarf-with-dsym";
				ENABLE_NS_ASSERTIONS = NO;
				ENABLE_STRICT_OBJC_MSGSEND = YES;
				GCC_C_LANGUAGE_STANDARD = gnu11;
				GCC_NO_COMMON_BLOCKS = YES;
				GCC_WARN_64_TO_32_BIT_CONVERSION = YES;
				GCC_WARN_ABOUT_RETURN_TYPE = YES_ERROR;
				GCC_WARN_UNDECLARED_SELECTOR = YES;
				GCC_WARN_UNINITIALIZED_AUTOS = YES_AGGRESSIVE;
				GCC_WARN_UNUSED_FUNCTION = YES;
				GCC_WARN_UNUSED_VARIABLE = YES;
				IPHONEOS_DEPLOYMENT_TARGET = 11.4;
				MTL_ENABLE_DEBUG_INFO = NO;
				SDKROOT = iphoneos;
				SWIFT_COMPILATION_MODE = wholemodule;
				SWIFT_OPTIMIZATION_LEVEL = "-O";
				VALIDATE_PRODUCT = YES;
			};
			name = Release;
		};
		315735E9213D875D00E8CDB3 /* Debug */ = {
			isa = XCBuildConfiguration;
			buildSettings = {
				ASSETCATALOG_COMPILER_APPICON_NAME = AppIcon;
				CODE_SIGN_STYLE = Automatic;
				DEVELOPMENT_TEAM = MTCBG9V9N3;
				INFOPLIST_FILE = "Vision-CoreML/Info.plist";
				LD_RUNPATH_SEARCH_PATHS = (
					"$(inherited)",
					"@executable_path/Frameworks",
				);
				PRODUCT_BUNDLE_IDENTIFIER = "com.anuj.com.Vision-CoreML";
				PRODUCT_NAME = "$(TARGET_NAME)";
				SWIFT_VERSION = 4.0;
				TARGETED_DEVICE_FAMILY = "1,2";
			};
			name = Debug;
		};
		315735EA213D875D00E8CDB3 /* Release */ = {
			isa = XCBuildConfiguration;
			buildSettings = {
				ASSETCATALOG_COMPILER_APPICON_NAME = AppIcon;
				CODE_SIGN_STYLE = Automatic;
				DEVELOPMENT_TEAM = MTCBG9V9N3;
				INFOPLIST_FILE = "Vision-CoreML/Info.plist";
				LD_RUNPATH_SEARCH_PATHS = (
					"$(inherited)",
					"@executable_path/Frameworks",
				);
				PRODUCT_BUNDLE_IDENTIFIER = "com.anuj.com.Vision-CoreML";
				PRODUCT_NAME = "$(TARGET_NAME)";
				SWIFT_VERSION = 4.0;
				TARGETED_DEVICE_FAMILY = "1,2";
			};
			name = Release;
		};
/* End XCBuildConfiguration section */

/* Begin XCConfigurationList section */
		315735D1213D875C00E8CDB3 /* Build configuration list for PBXProject "Vision-CoreML" */ = {
			isa = XCConfigurationList;
			buildConfigurations = (
				315735E6213D875D00E8CDB3 /* Debug */,
				315735E7213D875D00E8CDB3 /* Release */,
			);
			defaultConfigurationIsVisible = 0;
			defaultConfigurationName = Release;
		};
		315735E8213D875D00E8CDB3 /* Build configuration list for PBXNativeTarget "Vision-CoreML" */ = {
			isa = XCConfigurationList;
			buildConfigurations = (
				315735E9213D875D00E8CDB3 /* Debug */,
				315735EA213D875D00E8CDB3 /* Release */,
			);
			defaultConfigurationIsVisible = 0;
			defaultConfigurationName = Release;
		};
/* End XCConfigurationList section */
	};
	rootObject = 315735CE213D875C00E8CDB3 /* Project object */;
}
